// !$*UTF8*$!
{
	archiveVersion = 1;
	classes = {
	};
	objectVersion = 55;
	objects = {

/* Begin PBXBuildFile section */
		BE30DF8128CA02D3007B7CE7 /* RandomUsersApp.swift in Sources */ = {isa = PBXBuildFile; fileRef = BE30DF8028CA02D3007B7CE7 /* RandomUsersApp.swift */; };
		BE30DF8528CA02D4007B7CE7 /* Assets.xcassets in Resources */ = {isa = PBXBuildFile; fileRef = BE30DF8428CA02D4007B7CE7 /* Assets.xcassets */; };
		BE30DF8828CA02D4007B7CE7 /* Preview Assets.xcassets in Resources */ = {isa = PBXBuildFile; fileRef = BE30DF8728CA02D4007B7CE7 /* Preview Assets.xcassets */; };
		BE30DF9228CA02D4007B7CE7 /* RandomUsersTests.swift in Sources */ = {isa = PBXBuildFile; fileRef = BE30DF9128CA02D4007B7CE7 /* RandomUsersTests.swift */; };
		BE30DF9C28CA02D4007B7CE7 /* RandomUsersUITests.swift in Sources */ = {isa = PBXBuildFile; fileRef = BE30DF9B28CA02D4007B7CE7 /* RandomUsersUITests.swift */; };
		BE30DF9E28CA02D4007B7CE7 /* RandomUsersUITestsLaunchTests.swift in Sources */ = {isa = PBXBuildFile; fileRef = BE30DF9D28CA02D4007B7CE7 /* RandomUsersUITestsLaunchTests.swift */; };
		BE30DFAB28CA04A6007B7CE7 /* UserFetchingClient.swift in Sources */ = {isa = PBXBuildFile; fileRef = BE30DFAA28CA04A6007B7CE7 /* UserFetchingClient.swift */; };
		BE30DFAD28CA33A1007B7CE7 /* UserData.swift in Sources */ = {isa = PBXBuildFile; fileRef = BE30DFAC28CA33A1007B7CE7 /* UserData.swift */; };
		BE30DFAF28CA378D007B7CE7 /* UsersView.swift in Sources */ = {isa = PBXBuildFile; fileRef = BE30DFAE28CA378D007B7CE7 /* UsersView.swift */; };
/* End PBXBuildFile section */

/* Begin PBXContainerItemProxy section */
		BE30DF8E28CA02D4007B7CE7 /* PBXContainerItemProxy */ = {
			isa = PBXContainerItemProxy;
			containerPortal = BE30DF7528CA02D3007B7CE7 /* Project object */;
			proxyType = 1;
			remoteGlobalIDString = BE30DF7C28CA02D3007B7CE7;
			remoteInfo = RandomUsers;
		};
		BE30DF9828CA02D4007B7CE7 /* PBXContainerItemProxy */ = {
			isa = PBXContainerItemProxy;
			containerPortal = BE30DF7528CA02D3007B7CE7 /* Project object */;
			proxyType = 1;
			remoteGlobalIDString = BE30DF7C28CA02D3007B7CE7;
			remoteInfo = RandomUsers;
		};
/* End PBXContainerItemProxy section */

/* Begin PBXFileReference section */
		BE30DF7D28CA02D3007B7CE7 /* RandomUsers.app */ = {isa = PBXFileReference; explicitFileType = wrapper.application; includeInIndex = 0; path = RandomUsers.app; sourceTree = BUILT_PRODUCTS_DIR; };
		BE30DF8028CA02D3007B7CE7 /* RandomUsersApp.swift */ = {isa = PBXFileReference; lastKnownFileType = sourcecode.swift; path = RandomUsersApp.swift; sourceTree = "<group>"; };
		BE30DF8428CA02D4007B7CE7 /* Assets.xcassets */ = {isa = PBXFileReference; lastKnownFileType = folder.assetcatalog; path = Assets.xcassets; sourceTree = "<group>"; };
		BE30DF8728CA02D4007B7CE7 /* Preview Assets.xcassets */ = {isa = PBXFileReference; lastKnownFileType = folder.assetcatalog; path = "Preview Assets.xcassets"; sourceTree = "<group>"; };
		BE30DF8D28CA02D4007B7CE7 /* RandomUsersTests.xctest */ = {isa = PBXFileReference; explicitFileType = wrapper.cfbundle; includeInIndex = 0; path = RandomUsersTests.xctest; sourceTree = BUILT_PRODUCTS_DIR; };
		BE30DF9128CA02D4007B7CE7 /* RandomUsersTests.swift */ = {isa = PBXFileReference; lastKnownFileType = sourcecode.swift; path = RandomUsersTests.swift; sourceTree = "<group>"; };
		BE30DF9728CA02D4007B7CE7 /* RandomUsersUITests.xctest */ = {isa = PBXFileReference; explicitFileType = wrapper.cfbundle; includeInIndex = 0; path = RandomUsersUITests.xctest; sourceTree = BUILT_PRODUCTS_DIR; };
		BE30DF9B28CA02D4007B7CE7 /* RandomUsersUITests.swift */ = {isa = PBXFileReference; lastKnownFileType = sourcecode.swift; path = RandomUsersUITests.swift; sourceTree = "<group>"; };
		BE30DF9D28CA02D4007B7CE7 /* RandomUsersUITestsLaunchTests.swift */ = {isa = PBXFileReference; lastKnownFileType = sourcecode.swift; path = RandomUsersUITestsLaunchTests.swift; sourceTree = "<group>"; };
		BE30DFAA28CA04A6007B7CE7 /* UserFetchingClient.swift */ = {isa = PBXFileReference; lastKnownFileType = sourcecode.swift; path = UserFetchingClient.swift; sourceTree = "<group>"; };
		BE30DFAC28CA33A1007B7CE7 /* UserData.swift */ = {isa = PBXFileReference; lastKnownFileType = sourcecode.swift; path = UserData.swift; sourceTree = "<group>"; };
		BE30DFAE28CA378D007B7CE7 /* UsersView.swift */ = {isa = PBXFileReference; lastKnownFileType = sourcecode.swift; path = UsersView.swift; sourceTree = "<group>"; };
/* End PBXFileReference section */

/* Begin PBXFrameworksBuildPhase section */
		BE30DF7A28CA02D3007B7CE7 /* Frameworks */ = {
			isa = PBXFrameworksBuildPhase;
			buildActionMask = 2147483647;
			files = (
			);
			runOnlyForDeploymentPostprocessing = 0;
		};
		BE30DF8A28CA02D4007B7CE7 /* Frameworks */ = {
			isa = PBXFrameworksBuildPhase;
			buildActionMask = 2147483647;
			files = (
			);
			runOnlyForDeploymentPostprocessing = 0;
		};
		BE30DF9428CA02D4007B7CE7 /* Frameworks */ = {
			isa = PBXFrameworksBuildPhase;
			buildActionMask = 2147483647;
			files = (
			);
			runOnlyForDeploymentPostprocessing = 0;
		};
/* End PBXFrameworksBuildPhase section */

/* Begin PBXGroup section */
		BE30DF7428CA02D3007B7CE7 = {
			isa = PBXGroup;
			children = (
				BE30DF7F28CA02D3007B7CE7 /* RandomUsers */,
				BE30DF9028CA02D4007B7CE7 /* RandomUsersTests */,
				BE30DF9A28CA02D4007B7CE7 /* RandomUsersUITests */,
				BE30DF7E28CA02D3007B7CE7 /* Products */,
			);
			sourceTree = "<group>";
		};
		BE30DF7E28CA02D3007B7CE7 /* Products */ = {
			isa = PBXGroup;
			children = (
				BE30DF7D28CA02D3007B7CE7 /* RandomUsers.app */,
				BE30DF8D28CA02D4007B7CE7 /* RandomUsersTests.xctest */,
				BE30DF9728CA02D4007B7CE7 /* RandomUsersUITests.xctest */,
			);
			name = Products;
			sourceTree = "<group>";
		};
		BE30DF7F28CA02D3007B7CE7 /* RandomUsers */ = {
			isa = PBXGroup;
			children = (
				BE30DF8028CA02D3007B7CE7 /* RandomUsersApp.swift */,
				BE30DFAA28CA04A6007B7CE7 /* UserFetchingClient.swift */,
				BE30DFAC28CA33A1007B7CE7 /* UserData.swift */,
				BE30DFAE28CA378D007B7CE7 /* UsersView.swift */,
				BE30DF8428CA02D4007B7CE7 /* Assets.xcassets */,
				BE30DF8628CA02D4007B7CE7 /* Preview Content */,
			);
			path = RandomUsers;
			sourceTree = "<group>";
		};
		BE30DF8628CA02D4007B7CE7 /* Preview Content */ = {
			isa = PBXGroup;
			children = (
				BE30DF8728CA02D4007B7CE7 /* Preview Assets.xcassets */,
			);
			path = "Preview Content";
			sourceTree = "<group>";
		};
		BE30DF9028CA02D4007B7CE7 /* RandomUsersTests */ = {
			isa = PBXGroup;
			children = (
				BE30DF9128CA02D4007B7CE7 /* RandomUsersTests.swift */,
			);
			path = RandomUsersTests;
			sourceTree = "<group>";
		};
		BE30DF9A28CA02D4007B7CE7 /* RandomUsersUITests */ = {
			isa = PBXGroup;
			children = (
				BE30DF9B28CA02D4007B7CE7 /* RandomUsersUITests.swift */,
				BE30DF9D28CA02D4007B7CE7 /* RandomUsersUITestsLaunchTests.swift */,
			);
			path = RandomUsersUITests;
			sourceTree = "<group>";
		};
/* End PBXGroup section */

/* Begin PBXNativeTarget section */
		BE30DF7C28CA02D3007B7CE7 /* RandomUsers */ = {
			isa = PBXNativeTarget;
			buildConfigurationList = BE30DFA128CA02D4007B7CE7 /* Build configuration list for PBXNativeTarget "RandomUsers" */;
			buildPhases = (
				BE30DF7928CA02D3007B7CE7 /* Sources */,
				BE30DF7A28CA02D3007B7CE7 /* Frameworks */,
				BE30DF7B28CA02D3007B7CE7 /* Resources */,
			);
			buildRules = (
			);
			dependencies = (
			);
			name = RandomUsers;
			productName = RandomUsers;
			productReference = BE30DF7D28CA02D3007B7CE7 /* RandomUsers.app */;
			productType = "com.apple.product-type.application";
		};
		BE30DF8C28CA02D4007B7CE7 /* RandomUsersTests */ = {
			isa = PBXNativeTarget;
			buildConfigurationList = BE30DFA428CA02D4007B7CE7 /* Build configuration list for PBXNativeTarget "RandomUsersTests" */;
			buildPhases = (
				BE30DF8928CA02D4007B7CE7 /* Sources */,
				BE30DF8A28CA02D4007B7CE7 /* Frameworks */,
				BE30DF8B28CA02D4007B7CE7 /* Resources */,
			);
			buildRules = (
			);
			dependencies = (
				BE30DF8F28CA02D4007B7CE7 /* PBXTargetDependency */,
			);
			name = RandomUsersTests;
			productName = RandomUsersTests;
			productReference = BE30DF8D28CA02D4007B7CE7 /* RandomUsersTests.xctest */;
			productType = "com.apple.product-type.bundle.unit-test";
		};
		BE30DF9628CA02D4007B7CE7 /* RandomUsersUITests */ = {
			isa = PBXNativeTarget;
			buildConfigurationList = BE30DFA728CA02D4007B7CE7 /* Build configuration list for PBXNativeTarget "RandomUsersUITests" */;
			buildPhases = (
				BE30DF9328CA02D4007B7CE7 /* Sources */,
				BE30DF9428CA02D4007B7CE7 /* Frameworks */,
				BE30DF9528CA02D4007B7CE7 /* Resources */,
			);
			buildRules = (
			);
			dependencies = (
				BE30DF9928CA02D4007B7CE7 /* PBXTargetDependency */,
			);
			name = RandomUsersUITests;
			productName = RandomUsersUITests;
			productReference = BE30DF9728CA02D4007B7CE7 /* RandomUsersUITests.xctest */;
			productType = "com.apple.product-type.bundle.ui-testing";
		};
/* End PBXNativeTarget section */

/* Begin PBXProject section */
		BE30DF7528CA02D3007B7CE7 /* Project object */ = {
			isa = PBXProject;
			attributes = {
				BuildIndependentTargetsInParallel = 1;
				LastSwiftUpdateCheck = 1320;
				LastUpgradeCheck = 1320;
				TargetAttributes = {
					BE30DF7C28CA02D3007B7CE7 = {
						CreatedOnToolsVersion = 13.2.1;
					};
					BE30DF8C28CA02D4007B7CE7 = {
						CreatedOnToolsVersion = 13.2.1;
						TestTargetID = BE30DF7C28CA02D3007B7CE7;
					};
					BE30DF9628CA02D4007B7CE7 = {
						CreatedOnToolsVersion = 13.2.1;
						TestTargetID = BE30DF7C28CA02D3007B7CE7;
					};
				};
			};
			buildConfigurationList = BE30DF7828CA02D3007B7CE7 /* Build configuration list for PBXProject "RandomUsers" */;
			compatibilityVersion = "Xcode 13.0";
			developmentRegion = en;
			hasScannedForEncodings = 0;
			knownRegions = (
				en,
				Base,
			);
			mainGroup = BE30DF7428CA02D3007B7CE7;
			productRefGroup = BE30DF7E28CA02D3007B7CE7 /* Products */;
			projectDirPath = "";
			projectRoot = "";
			targets = (
				BE30DF7C28CA02D3007B7CE7 /* RandomUsers */,
				BE30DF8C28CA02D4007B7CE7 /* RandomUsersTests */,
				BE30DF9628CA02D4007B7CE7 /* RandomUsersUITests */,
			);
		};
/* End PBXProject section */

/* Begin PBXResourcesBuildPhase section */
		BE30DF7B28CA02D3007B7CE7 /* Resources */ = {
			isa = PBXResourcesBuildPhase;
			buildActionMask = 2147483647;
			files = (
				BE30DF8828CA02D4007B7CE7 /* Preview Assets.xcassets in Resources */,
				BE30DF8528CA02D4007B7CE7 /* Assets.xcassets in Resources */,
			);
			runOnlyForDeploymentPostprocessing = 0;
		};
		BE30DF8B28CA02D4007B7CE7 /* Resources */ = {
			isa = PBXResourcesBuildPhase;
			buildActionMask = 2147483647;
			files = (
			);
			runOnlyForDeploymentPostprocessing = 0;
		};
		BE30DF9528CA02D4007B7CE7 /* Resources */ = {
			isa = PBXResourcesBuildPhase;
			buildActionMask = 2147483647;
			files = (
			);
			runOnlyForDeploymentPostprocessing = 0;
		};
/* End PBXResourcesBuildPhase section */

/* Begin PBXSourcesBuildPhase section */
		BE30DF7928CA02D3007B7CE7 /* Sources */ = {
			isa = PBXSourcesBuildPhase;
			buildActionMask = 2147483647;
			files = (
				BE30DF8128CA02D3007B7CE7 /* RandomUsersApp.swift in Sources */,
				BE30DFAF28CA378D007B7CE7 /* UsersView.swift in Sources */,
				BE30DFAD28CA33A1007B7CE7 /* UserData.swift in Sources */,
				BE30DFAB28CA04A6007B7CE7 /* UserFetchingClient.swift in Sources */,
			);
			runOnlyForDeploymentPostprocessing = 0;
		};
		BE30DF8928CA02D4007B7CE7 /* Sources */ = {
			isa = PBXSourcesBuildPhase;
			buildActionMask = 2147483647;
			files = (
				BE30DF9228CA02D4007B7CE7 /* RandomUsersTests.swift in Sources */,
			);
			runOnlyForDeploymentPostprocessing = 0;
		};
		BE30DF9328CA02D4007B7CE7 /* Sources */ = {
			isa = PBXSourcesBuildPhase;
			buildActionMask = 2147483647;
			files = (
				BE30DF9E28CA02D4007B7CE7 /* RandomUsersUITestsLaunchTests.swift in Sources */,
				BE30DF9C28CA02D4007B7CE7 /* RandomUsersUITests.swift in Sources */,
			);
			runOnlyForDeploymentPostprocessing = 0;
		};
/* End PBXSourcesBuildPhase section */

/* Begin PBXTargetDependency section */
		BE30DF8F28CA02D4007B7CE7 /* PBXTargetDependency */ = {
			isa = PBXTargetDependency;
			target = BE30DF7C28CA02D3007B7CE7 /* RandomUsers */;
			targetProxy = BE30DF8E28CA02D4007B7CE7 /* PBXContainerItemProxy */;
		};
		BE30DF9928CA02D4007B7CE7 /* PBXTargetDependency */ = {
			isa = PBXTargetDependency;
			target = BE30DF7C28CA02D3007B7CE7 /* RandomUsers */;
			targetProxy = BE30DF9828CA02D4007B7CE7 /* PBXContainerItemProxy */;
		};
/* End PBXTargetDependency section */

/* Begin XCBuildConfiguration section */
		BE30DF9F28CA02D4007B7CE7 /* Debug */ = {
			isa = XCBuildConfiguration;
			buildSettings = {
				ALWAYS_SEARCH_USER_PATHS = NO;
				CLANG_ANALYZER_NONNULL = YES;
				CLANG_ANALYZER_NUMBER_OBJECT_CONVERSION = YES_AGGRESSIVE;
				CLANG_CXX_LANGUAGE_STANDARD = "gnu++17";
				CLANG_CXX_LIBRARY = "libc++";
				CLANG_ENABLE_MODULES = YES;
				CLANG_ENABLE_OBJC_ARC = YES;
				CLANG_ENABLE_OBJC_WEAK = YES;
				CLANG_WARN_BLOCK_CAPTURE_AUTORELEASING = YES;
				CLANG_WARN_BOOL_CONVERSION = YES;
				CLANG_WARN_COMMA = YES;
				CLANG_WARN_CONSTANT_CONVERSION = YES;
				CLANG_WARN_DEPRECATED_OBJC_IMPLEMENTATIONS = YES;
				CLANG_WARN_DIRECT_OBJC_ISA_USAGE = YES_ERROR;
				CLANG_WARN_DOCUMENTATION_COMMENTS = YES;
				CLANG_WARN_EMPTY_BODY = YES;
				CLANG_WARN_ENUM_CONVERSION = YES;
				CLANG_WARN_INFINITE_RECURSION = YES;
				CLANG_WARN_INT_CONVERSION = YES;
				CLANG_WARN_NON_LITERAL_NULL_CONVERSION = YES;
				CLANG_WARN_OBJC_IMPLICIT_RETAIN_SELF = YES;
				CLANG_WARN_OBJC_LITERAL_CONVERSION = YES;
				CLANG_WARN_OBJC_ROOT_CLASS = YES_ERROR;
				CLANG_WARN_QUOTED_INCLUDE_IN_FRAMEWORK_HEADER = YES;
				CLANG_WARN_RANGE_LOOP_ANALYSIS = YES;
				CLANG_WARN_STRICT_PROTOTYPES = YES;
				CLANG_WARN_SUSPICIOUS_MOVE = YES;
				CLANG_WARN_UNGUARDED_AVAILABILITY = YES_AGGRESSIVE;
				CLANG_WARN_UNREACHABLE_CODE = YES;
				CLANG_WARN__DUPLICATE_METHOD_MATCH = YES;
				COPY_PHASE_STRIP = NO;
				DEBUG_INFORMATION_FORMAT = dwarf;
				ENABLE_STRICT_OBJC_MSGSEND = YES;
				ENABLE_TESTABILITY = YES;
				GCC_C_LANGUAGE_STANDARD = gnu11;
				GCC_DYNAMIC_NO_PIC = NO;
				GCC_NO_COMMON_BLOCKS = YES;
				GCC_OPTIMIZATION_LEVEL = 0;
				GCC_PREPROCESSOR_DEFINITIONS = (
					"DEBUG=1",
					"$(inherited)",
				);
				GCC_WARN_64_TO_32_BIT_CONVERSION = YES;
				GCC_WARN_ABOUT_RETURN_TYPE = YES_ERROR;
				GCC_WARN_UNDECLARED_SELECTOR = YES;
				GCC_WARN_UNINITIALIZED_AUTOS = YES_AGGRESSIVE;
				GCC_WARN_UNUSED_FUNCTION = YES;
				GCC_WARN_UNUSED_VARIABLE = YES;
				IPHONEOS_DEPLOYMENT_TARGET = 15.2;
				MTL_ENABLE_DEBUG_INFO = INCLUDE_SOURCE;
				MTL_FAST_MATH = YES;
				ONLY_ACTIVE_ARCH = YES;
				SDKROOT = iphoneos;
				SWIFT_ACTIVE_COMPILATION_CONDITIONS = DEBUG;
				SWIFT_OPTIMIZATION_LEVEL = "-Onone";
			};
			name = Debug;
		};
		BE30DFA028CA02D4007B7CE7 /* Release */ = {
			isa = XCBuildConfiguration;
			buildSettings = {
				ALWAYS_SEARCH_USER_PATHS = NO;
				CLANG_ANALYZER_NONNULL = YES;
				CLANG_ANALYZER_NUMBER_OBJECT_CONVERSION = YES_AGGRESSIVE;
				CLANG_CXX_LANGUAGE_STANDARD = "gnu++17";
				CLANG_CXX_LIBRARY = "libc++";
				CLANG_ENABLE_MODULES = YES;
				CLANG_ENABLE_OBJC_ARC = YES;
				CLANG_ENABLE_OBJC_WEAK = YES;
				CLANG_WARN_BLOCK_CAPTURE_AUTORELEASING = YES;
				CLANG_WARN_BOOL_CONVERSION = YES;
				CLANG_WARN_COMMA = YES;
				CLANG_WARN_CONSTANT_CONVERSION = YES;
				CLANG_WARN_DEPRECATED_OBJC_IMPLEMENTATIONS = YES;
				CLANG_WARN_DIRECT_OBJC_ISA_USAGE = YES_ERROR;
				CLANG_WARN_DOCUMENTATION_COMMENTS = YES;
				CLANG_WARN_EMPTY_BODY = YES;
				CLANG_WARN_ENUM_CONVERSION = YES;
				CLANG_WARN_INFINITE_RECURSION = YES;
				CLANG_WARN_INT_CONVERSION = YES;
				CLANG_WARN_NON_LITERAL_NULL_CONVERSION = YES;
				CLANG_WARN_OBJC_IMPLICIT_RETAIN_SELF = YES;
				CLANG_WARN_OBJC_LITERAL_CONVERSION = YES;
				CLANG_WARN_OBJC_ROOT_CLASS = YES_ERROR;
				CLANG_WARN_QUOTED_INCLUDE_IN_FRAMEWORK_HEADER = YES;
				CLANG_WARN_RANGE_LOOP_ANALYSIS = YES;
				CLANG_WARN_STRICT_PROTOTYPES = YES;
				CLANG_WARN_SUSPICIOUS_MOVE = YES;
				CLANG_WARN_UNGUARDED_AVAILABILITY = YES_AGGRESSIVE;
				CLANG_WARN_UNREACHABLE_CODE = YES;
				CLANG_WARN__DUPLICATE_METHOD_MATCH = YES;
				COPY_PHASE_STRIP = NO;
				DEBUG_INFORMATION_FORMAT = "dwarf-with-dsym";
				ENABLE_NS_ASSERTIONS = NO;
				ENABLE_STRICT_OBJC_MSGSEND = YES;
				GCC_C_LANGUAGE_STANDARD = gnu11;
				GCC_NO_COMMON_BLOCKS = YES;
				GCC_WARN_64_TO_32_BIT_CONVERSION = YES;
				GCC_WARN_ABOUT_RETURN_TYPE = YES_ERROR;
				GCC_WARN_UNDECLARED_SELECTOR = YES;
				GCC_WARN_UNINITIALIZED_AUTOS = YES_AGGRESSIVE;
				GCC_WARN_UNUSED_FUNCTION = YES;
				GCC_WARN_UNUSED_VARIABLE = YES;
				IPHONEOS_DEPLOYMENT_TARGET = 15.2;
				MTL_ENABLE_DEBUG_INFO = NO;
				MTL_FAST_MATH = YES;
				SDKROOT = iphoneos;
				SWIFT_COMPILATION_MODE = wholemodule;
				SWIFT_OPTIMIZATION_LEVEL = "-O";
				VALIDATE_PRODUCT = YES;
			};
			name = Release;
		};
		BE30DFA228CA02D4007B7CE7 /* Debug */ = {
			isa = XCBuildConfiguration;
			buildSettings = {
				ASSETCATALOG_COMPILER_APPICON_NAME = AppIcon;
				ASSETCATALOG_COMPILER_GLOBAL_ACCENT_COLOR_NAME = AccentColor;
				CODE_SIGN_STYLE = Automatic;
				CURRENT_PROJECT_VERSION = 1;
				DEVELOPMENT_ASSET_PATHS = "\"RandomUsers/Preview Content\"";
				ENABLE_PREVIEWS = YES;
				GENERATE_INFOPLIST_FILE = YES;
				INFOPLIST_KEY_UIApplicationSceneManifest_Generation = YES;
				INFOPLIST_KEY_UIApplicationSupportsIndirectInputEvents = YES;
				INFOPLIST_KEY_UILaunchScreen_Generation = YES;
				INFOPLIST_KEY_UISupportedInterfaceOrientations_iPad = "UIInterfaceOrientationPortrait UIInterfaceOrientationPortraitUpsideDown UIInterfaceOrientationLandscapeLeft UIInterfaceOrientationLandscapeRight";
				INFOPLIST_KEY_UISupportedInterfaceOrientations_iPhone = "UIInterfaceOrientationPortrait UIInterfaceOrientationLandscapeLeft UIInterfaceOrientationLandscapeRight";
				LD_RUNPATH_SEARCH_PATHS = (
					"$(inherited)",
					"@executable_path/Frameworks",
				);
				MARKETING_VERSION = 1.0;
				PRODUCT_BUNDLE_IDENTIFIER = VadimTeam.RandomUsers;
				PRODUCT_NAME = "$(TARGET_NAME)";
				SWIFT_EMIT_LOC_STRINGS = YES;
				SWIFT_VERSION = 5.0;
				TARGETED_DEVICE_FAMILY = "1,2";
			};
			name = Debug;
		};
		BE30DFA328CA02D4007B7CE7 /* Release */ = {
			isa = XCBuildConfiguration;
			buildSettings = {
				ASSETCATALOG_COMPILER_APPICON_NAME = AppIcon;
				ASSETCATALOG_COMPILER_GLOBAL_ACCENT_COLOR_NAME = AccentColor;
				CODE_SIGN_STYLE = Automatic;
				CURRENT_PROJECT_VERSION = 1;
				DEVELOPMENT_ASSET_PATHS = "\"RandomUsers/Preview Content\"";
				ENABLE_PREVIEWS = YES;
				GENERATE_INFOPLIST_FILE = YES;
				INFOPLIST_KEY_UIApplicationSceneManifest_Generation = YES;
				INFOPLIST_KEY_UIApplicationSupportsIndirectInputEvents = YES;
				INFOPLIST_KEY_UILaunchScreen_Generation = YES;
				INFOPLIST_KEY_UISupportedInterfaceOrientations_iPad = "UIInterfaceOrientationPortrait UIInterfaceOrientationPortraitUpsideDown UIInterfaceOrientationLandscapeLeft UIInterfaceOrientationLandscapeRight";
				INFOPLIST_KEY_UISupportedInterfaceOrientations_iPhone = "UIInterfaceOrientationPortrait UIInterfaceOrientationLandscapeLeft UIInterfaceOrientationLandscapeRight";
				LD_RUNPATH_SEARCH_PATHS = (
					"$(inherited)",
					"@executable_path/Frameworks",
				);
				MARKETING_VERSION = 1.0;
				PRODUCT_BUNDLE_IDENTIFIER = VadimTeam.RandomUsers;
				PRODUCT_NAME = "$(TARGET_NAME)";
				SWIFT_EMIT_LOC_STRINGS = YES;
				SWIFT_VERSION = 5.0;
				TARGETED_DEVICE_FAMILY = "1,2";
			};
			name = Release;
		};
		BE30DFA528CA02D4007B7CE7 /* Debug */ = {
			isa = XCBuildConfiguration;
			buildSettings = {
				ALWAYS_EMBED_SWIFT_STANDARD_LIBRARIES = YES;
				BUNDLE_LOADER = "$(TEST_HOST)";
				CODE_SIGN_STYLE = Automatic;
				CURRENT_PROJECT_VERSION = 1;
				GENERATE_INFOPLIST_FILE = YES;
				IPHONEOS_DEPLOYMENT_TARGET = 15.2;
				MARKETING_VERSION = 1.0;
				PRODUCT_BUNDLE_IDENTIFIER = VadimTeam.RandomUsersTests;
				PRODUCT_NAME = "$(TARGET_NAME)";
				SWIFT_EMIT_LOC_STRINGS = NO;
				SWIFT_VERSION = 5.0;
				TARGETED_DEVICE_FAMILY = "1,2";
				TEST_HOST = "$(BUILT_PRODUCTS_DIR)/RandomUsers.app/RandomUsers";
			};
			name = Debug;
		};
		BE30DFA628CA02D4007B7CE7 /* Release */ = {
			isa = XCBuildConfiguration;
			buildSettings = {
				ALWAYS_EMBED_SWIFT_STANDARD_LIBRARIES = YES;
				BUNDLE_LOADER = "$(TEST_HOST)";
				CODE_SIGN_STYLE = Automatic;
				CURRENT_PROJECT_VERSION = 1;
				GENERATE_INFOPLIST_FILE = YES;
				IPHONEOS_DEPLOYMENT_TARGET = 15.2;
				MARKETING_VERSION = 1.0;
				PRODUCT_BUNDLE_IDENTIFIER = VadimTeam.RandomUsersTests;
				PRODUCT_NAME = "$(TARGET_NAME)";
				SWIFT_EMIT_LOC_STRINGS = NO;
				SWIFT_VERSION = 5.0;
				TARGETED_DEVICE_FAMILY = "1,2";
				TEST_HOST = "$(BUILT_PRODUCTS_DIR)/RandomUsers.app/RandomUsers";
			};
			name = Release;
		};
		BE30DFA828CA02D4007B7CE7 /* Debug */ = {
			isa = XCBuildConfiguration;
			buildSettings = {
				ALWAYS_EMBED_SWIFT_STANDARD_LIBRARIES = YES;
				CODE_SIGN_STYLE = Automatic;
				CURRENT_PROJECT_VERSION = 1;
				GENERATE_INFOPLIST_FILE = YES;
				MARKETING_VERSION = 1.0;
				PRODUCT_BUNDLE_IDENTIFIER = VadimTeam.RandomUsersUITests;
				PRODUCT_NAME = "$(TARGET_NAME)";
				SWIFT_EMIT_LOC_STRINGS = NO;
				SWIFT_VERSION = 5.0;
				TARGETED_DEVICE_FAMILY = "1,2";
				TEST_TARGET_NAME = RandomUsers;
			};
			name = Debug;
		};
		BE30DFA928CA02D4007B7CE7 /* Release */ = {
			isa = XCBuildConfiguration;
			buildSettings = {
				ALWAYS_EMBED_SWIFT_STANDARD_LIBRARIES = YES;
				CODE_SIGN_STYLE = Automatic;
				CURRENT_PROJECT_VERSION = 1;
				GENERATE_INFOPLIST_FILE = YES;
				MARKETING_VERSION = 1.0;
				PRODUCT_BUNDLE_IDENTIFIER = VadimTeam.RandomUsersUITests;
				PRODUCT_NAME = "$(TARGET_NAME)";
				SWIFT_EMIT_LOC_STRINGS = NO;
				SWIFT_VERSION = 5.0;
				TARGETED_DEVICE_FAMILY = "1,2";
				TEST_TARGET_NAME = RandomUsers;
			};
			name = Release;
		};
/* End XCBuildConfiguration section */

/* Begin XCConfigurationList section */
		BE30DF7828CA02D3007B7CE7 /* Build configuration list for PBXProject "RandomUsers" */ = {
			isa = XCConfigurationList;
			buildConfigurations = (
				BE30DF9F28CA02D4007B7CE7 /* Debug */,
				BE30DFA028CA02D4007B7CE7 /* Release */,
			);
			defaultConfigurationIsVisible = 0;
			defaultConfigurationName = Release;
		};
		BE30DFA128CA02D4007B7CE7 /* Build configuration list for PBXNativeTarget "RandomUsers" */ = {
			isa = XCConfigurationList;
			buildConfigurations = (
				BE30DFA228CA02D4007B7CE7 /* Debug */,
				BE30DFA328CA02D4007B7CE7 /* Release */,
			);
			defaultConfigurationIsVisible = 0;
			defaultConfigurationName = Release;
		};
		BE30DFA428CA02D4007B7CE7 /* Build configuration list for PBXNativeTarget "RandomUsersTests" */ = {
			isa = XCConfigurationList;
			buildConfigurations = (
				BE30DFA528CA02D4007B7CE7 /* Debug */,
				BE30DFA628CA02D4007B7CE7 /* Release */,
			);
			defaultConfigurationIsVisible = 0;
			defaultConfigurationName = Release;
		};
		BE30DFA728CA02D4007B7CE7 /* Build configuration list for PBXNativeTarget "RandomUsersUITests" */ = {
			isa = XCConfigurationList;
			buildConfigurations = (
				BE30DFA828CA02D4007B7CE7 /* Debug */,
				BE30DFA928CA02D4007B7CE7 /* Release */,
			);
			defaultConfigurationIsVisible = 0;
			defaultConfigurationName = Release;
		};
/* End XCConfigurationList section */
	};
	rootObject = BE30DF7528CA02D3007B7CE7 /* Project object */;
}
